
Microsoft Visual Studio Solution File, Format Version 12.00
# Visual Studio 15
VisualStudioVersion = 15.0.28307.329
MinimumVisualStudioVersion = 10.0.40219.1
Project("{FAE04EC0-301F-11D3-BF4B-00C04F79EFBC}") = "client", "client\client.csproj", "{C28D6C0E-F8BE-4BEB-A8DB-B948034DF6D6}"
EndProject
Global
	GlobalSection(SolutionConfigurationPlatforms) = preSolution
		Debug|Any CPU = Debug|Any CPU
		Release|Any CPU = Release|Any CPU
	EndGlobalSection
	GlobalSection(ProjectConfigurationPlatforms) = postSolution
		{C28D6C0E-F8BE-4BEB-A8DB-B948034DF6D6}.Debug|Any CPU.ActiveCfg = Debug|Any CPU
		{C28D6C0E-F8BE-4BEB-A8DB-B948034DF6D6}.Debug|Any CPU.Build.0 = Debug|Any CPU
		{C28D6C0E-F8BE-4BEB-A8DB-B948034DF6D6}.Release|Any CPU.ActiveCfg = Release|Any CPU
		{C28D6C0E-F8BE-4BEB-A8DB-B948034DF6D6}.Release|Any CPU.Build.0 = Release|Any CPU
	EndGlobalSection
	GlobalSection(SolutionProperties) = preSolution
		HideSolutionNode = FALSE
	EndGlobalSection
	GlobalSection(ExtensibilityGlobals) = postSolution
		SolutionGuid = {06970BC2-5D87-49C1-AABC-634361909732}
	EndGlobalSection
EndGlobal
